# This file is automatically @generated by Poetry 1.7.1 and should not be changed by hand.

[[package]]
name = "cffi"
version = "1.17.0rc1"
description = "Foreign Function Interface for Python calling C code."
optional = false
python-versions = ">=3.8"
files = [
    {file = "cffi-1.17.0rc1-cp310-cp310-macosx_10_9_x86_64.whl", hash = "sha256:b6f35a638639298d4f9dca59db1f7568860ea179ace42318d658698850f2f540"},
    {file = "cffi-1.17.0rc1-cp310-cp310-macosx_11_0_arm64.whl", hash = "sha256:bf62263af2a3fadaf992775e0e555d657546dee30d3ca8a2ed1559c90006d46e"},
    {file = "cffi-1.17.0rc1-cp310-cp310-manylinux_2_12_i686.manylinux2010_i686.manylinux_2_17_i686.manylinux2014_i686.whl", hash = "sha256:1da24a9bf6fd9ab987a915887f0d3577d0a0b3946d582b776b380294dc5fce18"},
    {file = "cffi-1.17.0rc1-cp310-cp310-manylinux_2_17_aarch64.manylinux2014_aarch64.whl", hash = "sha256:157cfe06e48356a7552e68cb73976a710f2620a5f9eb25a5fe7066cf71601b68"},
    {file = "cffi-1.17.0rc1-cp310-cp310-manylinux_2_17_ppc64le.manylinux2014_ppc64le.whl", hash = "sha256:e547a347a983bda467ae8d8b607d278cdf8a37bea735399d655c82cba3f5d725"},
    {file = "cffi-1.17.0rc1-cp310-cp310-manylinux_2_17_s390x.manylinux2014_s390x.whl", hash = "sha256:1fee79745f50734490d3358f9cb6578f57850bb61287256115dda2a513abe3c6"},
    {file = "cffi-1.17.0rc1-cp310-cp310-manylinux_2_17_x86_64.manylinux2014_x86_64.whl", hash = "sha256:f6e933e0118a97df454139ca84a28473a024429c7c1eb82619a56ef886b07583"},
    {file = "cffi-1.17.0rc1-cp310-cp310-musllinux_1_1_aarch64.whl", hash = "sha256:1db9f6fcf79e92ee2d193cd989dde4e1419193ff11eef4bcc00cb06293e22f4b"},
    {file = "cffi-1.17.0rc1-cp310-cp310-musllinux_1_1_i686.whl", hash = "sha256:3c4b0e03d0d9f3a31110994bf657076f3821ad1a88e2cdb7c3e43b4e4f96e7b0"},
    {file = "cffi-1.17.0rc1-cp310-cp310-musllinux_1_1_x86_64.whl", hash = "sha256:b57fa5d8a1a2cc960613e0e578867d21a018f4405e9bad31c7b0af2b14004f2b"},
    {file = "cffi-1.17.0rc1-cp310-cp310-win32.whl", hash = "sha256:3113951a250b021d2092e870fe86cd4292a633a786f7ece67200663406409659"},
    {file = "cffi-1.17.0rc1-cp310-cp310-win_amd64.whl", hash = "sha256:94af5cfe8eb0d2742435458b8c8708aeb88f17fb48372bc4dacb87671e1ba867"},
    {file = "cffi-1.17.0rc1-cp311-cp311-macosx_10_9_x86_64.whl", hash = "sha256:98e89b4eabb3f98c7882016cb4c498bded7882ad655f80d7a9d23043a1d12d43"},
    {file = "cffi-1.17.0rc1-cp311-cp311-macosx_11_0_arm64.whl", hash = "sha256:d1089e9654cbbeb4e3ba84caa5eb0a92371fcac6ba43b14514680d339068abed"},
    {file = "cffi-1.17.0rc1-cp311-cp311-manylinux_2_12_i686.manylinux2010_i686.manylinux_2_17_i686.manylinux2014_i686.whl", hash = "sha256:84269088c987aa34045ee808b8a3c5f44397403f1afeff65429cd7c9e123dc01"},
    {file = "cffi-1.17.0rc1-cp311-cp311-manylinux_2_17_aarch64.manylinux2014_aarch64.whl", hash = "sha256:ffe885231b8b58f18149e9eaece2d556602aeb233161c069618bda31f3a30d04"},
    {file = "cffi-1.17.0rc1-cp311-cp311-manylinux_2_17_ppc64le.manylinux2014_ppc64le.whl", hash = "sha256:3ea7190f834a5979e30bc4af334c031303a4f16f38216599645034751d683171"},
    {file = "cffi-1.17.0rc1-cp311-cp311-manylinux_2_17_s390x.manylinux2014_s390x.whl", hash = "sha256:85b997ce260a93010a72767c0f2f7c405524cada076792a9baad75cef435f293"},
    {file = "cffi-1.17.0rc1-cp311-cp311-manylinux_2_17_x86_64.manylinux2014_x86_64.whl", hash = "sha256:58463f9a28f4357f4a07a94fbb0dca91486f6948f19a4971e0bedd6292ef0394"},
    {file = "cffi-1.17.0rc1-cp311-cp311-musllinux_1_1_aarch64.whl", hash = "sha256:6df680dccdb5fcd257343532d5354c0059a6e5e4bc27b24a6a310cc51ba35a31"},
    {file = "cffi-1.17.0rc1-cp311-cp311-musllinux_1_1_i686.whl", hash = "sha256:319ec248b55d34a49d7a43c48f2cf922b526e5ad2a3988887cc822a0c226b983"},
    {file = "cffi-1.17.0rc1-cp311-cp311-musllinux_1_1_x86_64.whl", hash = "sha256:625eb8d8d377438cfbf64899e09969d20cd139019838a60644f05216f7c7767d"},
    {file = "cffi-1.17.0rc1-cp311-cp311-win32.whl", hash = "sha256:6a891c9e564527b4e65d65f87e3e989c3369329d04b39c49f279a91266287b85"},
    {file = "cffi-1.17.0rc1-cp311-cp311-win_amd64.whl", hash = "sha256:3745df375d5e66261295840fa219797251ff6a30afedfae650576ab2b10f43db"},
    {file = "cffi-1.17.0rc1-cp312-cp312-macosx_10_9_x86_64.whl", hash = "sha256:ec95c379f5ebd92cd09e3e8183da9afee8c2da2544593fe091421ed2d757f3c1"},
    {file = "cffi-1.17.0rc1-cp312-cp312-macosx_11_0_arm64.whl", hash = "sha256:614afb2f32d5ea64a946643d798f3391d53bba868290e7433f4eaae7d1692e06"},
    {file = "cffi-1.17.0rc1-cp312-cp312-manylinux_2_12_i686.manylinux2010_i686.manylinux_2_17_i686.manylinux2014_i686.whl", hash = "sha256:35bd512b1a16723b8c50665c3fe83c80789f7e5599c8f0721ef145552b6853e7"},
    {file = "cffi-1.17.0rc1-cp312-cp312-manylinux_2_17_aarch64.manylinux2014_aarch64.whl", hash = "sha256:9e39b8008534eedae1bde35d7cd5b71069f8aa7e6c079ae549a0de68299af43c"},
    {file = "cffi-1.17.0rc1-cp312-cp312-manylinux_2_17_ppc64le.manylinux2014_ppc64le.whl", hash = "sha256:730a92dd144eb89f69c7b61ba4e6ac48ee6a01ba92f70c17e277c3e2c49b253d"},
    {file = "cffi-1.17.0rc1-cp312-cp312-manylinux_2_17_s390x.manylinux2014_s390x.whl", hash = "sha256:a4b7e94db6e6bc2582fa540175384070edbd63c61103b182f57be3a958c0b7ad"},
    {file = "cffi-1.17.0rc1-cp312-cp312-manylinux_2_17_x86_64.manylinux2014_x86_64.whl", hash = "sha256:2e5562c744d495f838dc0fbe9cd76cff27ebea0a2e747dd84dd8a7e47bcd3c8f"},
    {file = "cffi-1.17.0rc1-cp312-cp312-musllinux_1_1_aarch64.whl", hash = "sha256:7e12962a21ba417611c7f9ae3e7f42d5354b68bf3c894af7796c171f6a965acf"},
    {file = "cffi-1.17.0rc1-cp312-cp312-musllinux_1_1_x86_64.whl", hash = "sha256:b3245d8073632f958cf239a198c0c3bed112a59d6ee2202e85367955b92794c6"},
    {file = "cffi-1.17.0rc1-cp312-cp312-win32.whl", hash = "sha256:e6c686d93378b18a7b26bbb376dab75716a72bd95c04b7f2cff9094ac66a4582"},
    {file = "cffi-1.17.0rc1-cp312-cp312-win_amd64.whl", hash = "sha256:ba993bea9f3195dc2f8dd9e3739f97f41eac5d71f5804d1ef87ee1283a13a280"},
    {file = "cffi-1.17.0rc1-cp313-cp313-macosx_10_9_x86_64.whl", hash = "sha256:9b5cb07680e7d3c522733d14fbc0cac0660b597a2e33d8bbd305537b65eb6a51"},
    {file = "cffi-1.17.0rc1-cp313-cp313-macosx_11_0_arm64.whl", hash = "sha256:e27ceb498d5a93f7fe833c5a3a85f8b9f0a4f1a182f1d37936e9ed31dda6926b"},
    {file = "cffi-1.17.0rc1-cp313-cp313-manylinux_2_12_i686.manylinux2010_i686.manylinux_2_17_i686.manylinux2014_i686.whl", hash = "sha256:39b9131ed6c28f63132dee75d1fa5653436cb46fc7e6a097af29f32c7f5f8eca"},
    {file = "cffi-1.17.0rc1-cp313-cp313-manylinux_2_17_aarch64.manylinux2014_aarch64.whl", hash = "sha256:a72748e56cd5edfc808c508da6e4b903225d1ed4c45463c28edf188ffea6d442"},
    {file = "cffi-1.17.0rc1-cp313-cp313-manylinux_2_17_ppc64le.manylinux2014_ppc64le.whl", hash = "sha256:7249add87681d15f1a291e096f49350b28c44be958c5ca650d8c4dfbce3a458f"},
    {file = "cffi-1.17.0rc1-cp313-cp313-manylinux_2_17_s390x.manylinux2014_s390x.whl", hash = "sha256:cfc1d8a64c44544a01b06b1688dca70433dc47e2d46f462c9ee6dc02ab233ba8"},
    {file = "cffi-1.17.0rc1-cp313-cp313-manylinux_2_17_x86_64.manylinux2014_x86_64.whl", hash = "sha256:1c9f4df436f3780f2dbea2ff066cea0bb2f74425883bc5b098812768da2b34f7"},
    {file = "cffi-1.17.0rc1-cp313-cp313-musllinux_1_1_aarch64.whl", hash = "sha256:8e7b261c3ea000b9a7c4fd40dd54ec3749d4592808025261d82e82f6457e8b7f"},
    {file = "cffi-1.17.0rc1-cp313-cp313-musllinux_1_1_x86_64.whl", hash = "sha256:c82e1f580f3dd473a9d8b213071dfd8da07f7a433b04ba6be4773ada211d3fdb"},
    {file = "cffi-1.17.0rc1-cp313-cp313-win32.whl", hash = "sha256:205051765f126c1480d1eaf6268c644262bae3ed610423f0783349f04e7f5a6b"},
    {file = "cffi-1.17.0rc1-cp313-cp313-win_amd64.whl", hash = "sha256:98c7f31f55c4d0f9dba7da07bab8cd822cff6ac8dbea28ea8385e3a1e7074ac6"},
    {file = "cffi-1.17.0rc1-cp38-cp38-macosx_10_9_x86_64.whl", hash = "sha256:475d2832950f9a65740aeb20d5baf6d84cf0d08a7063c8c6c407ec24cac41881"},
    {file = "cffi-1.17.0rc1-cp38-cp38-manylinux_2_12_i686.manylinux2010_i686.manylinux_2_17_i686.manylinux2014_i686.whl", hash = "sha256:98eaba1ed99a0a219cabe7d8bb716d9d87aeeb1b6f33792bcf84cc222c1a37b1"},
    {file = "cffi-1.17.0rc1-cp38-cp38-manylinux_2_17_aarch64.manylinux2014_aarch64.whl", hash = "sha256:c207ccc9f2e459eab7952401dc9237e36d6b630b5020890736e6b18002a750f3"},
    {file = "cffi-1.17.0rc1-cp38-cp38-manylinux_2_17_ppc64le.manylinux2014_ppc64le.whl", hash = "sha256:4f17c3cfc4a7a53693bda38ac1631f30ceb2430f4a038550f5515728592ccd6f"},
    {file = "cffi-1.17.0rc1-cp38-cp38-manylinux_2_17_s390x.manylinux2014_s390x.whl", hash = "sha256:ca0dd9cfb6a3fd91d6f1de5a2e2ee7a0f4b5b753309ec4edce32d5505dbc9149"},
    {file = "cffi-1.17.0rc1-cp38-cp38-manylinux_2_17_x86_64.manylinux2014_x86_64.whl", hash = "sha256:a33648455eefb348b265bd10764833ab7d5f3811912a90dcefc00328d548da0d"},
    {file = "cffi-1.17.0rc1-cp38-cp38-win32.whl", hash = "sha256:8fe736c2666e20090ae52af3b0297fb9273830f9d31f6041d7a8c7172fb6a566"},
    {file = "cffi-1.17.0rc1-cp38-cp38-win_amd64.whl", hash = "sha256:d50cef1600b59ec5669a28050286a456682443f20be9b0226c0fe5502860216e"},
    {file = "cffi-1.17.0rc1-cp39-cp39-macosx_10_9_x86_64.whl", hash = "sha256:e3ae055e90ea13480185a1ef5325ebd9ac092e03f5f473be3e93eac62bfd43df"},
    {file = "cffi-1.17.0rc1-cp39-cp39-macosx_11_0_arm64.whl", hash = "sha256:7953cd1968a8ea99482d7bfcf5bb9c56d56e91660b97ee940923394c8194d921"},
    {file = "cffi-1.17.0rc1-cp39-cp39-manylinux_2_12_i686.manylinux2010_i686.manylinux_2_17_i686.manylinux2014_i686.whl", hash = "sha256:f9155a5b35097cbe7a2e31611daf681b7119d895090bb101bf94805fb6bc7834"},
    {file = "cffi-1.17.0rc1-cp39-cp39-manylinux_2_17_aarch64.manylinux2014_aarch64.whl", hash = "sha256:22eac8f9c77df0899a6cd373d6a62da40644573a5e27982f7713bd2a9f0b0edf"},
    {file = "cffi-1.17.0rc1-cp39-cp39-manylinux_2_17_ppc64le.manylinux2014_ppc64le.whl", hash = "sha256:6aff0256e080afb8964e091f94222c2808cdf7c5f13d58f88e799e2fbde53a9d"},
    {file = "cffi-1.17.0rc1-cp39-cp39-manylinux_2_17_s390x.manylinux2014_s390x.whl", hash = "sha256:8b77f45d5b938f8fa6d3087892458c57458f55a90410ce15c61585627930838b"},
    {file = "cffi-1.17.0rc1-cp39-cp39-manylinux_2_17_x86_64.manylinux2014_x86_64.whl", hash = "sha256:6bce1aa64c52c3cb0c7326dd81d1dc5a4831946b29721592983eb4ae80beb2ac"},
    {file = "cffi-1.17.0rc1-cp39-cp39-musllinux_1_1_aarch64.whl", hash = "sha256:b7cb4755dc605ac5f2cf0b00e4063fdc2ca474da7bdc473877f8b5cba133b43e"},
    {file = "cffi-1.17.0rc1-cp39-cp39-musllinux_1_1_i686.whl", hash = "sha256:fa76f23281fd49c305002f510c773ecf6216118f2e7083b34ffa06983d6db96a"},
    {file = "cffi-1.17.0rc1-cp39-cp39-musllinux_1_1_x86_64.whl", hash = "sha256:a23431415147e0c711742b4e273b362758e632bd11a1e676c58011f0ed96da42"},
    {file = "cffi-1.17.0rc1-cp39-cp39-win32.whl", hash = "sha256:3f60cc0a65ac412887ba284c946242ed4e07065003b358a4d288334f6c2a54ed"},
    {file = "cffi-1.17.0rc1-cp39-cp39-win_amd64.whl", hash = "sha256:494abc4dc78792d210249127a75021049c7832468f9daa6e81ec0dfc1f55d9d0"},
    {file = "cffi-1.17.0rc1.tar.gz", hash = "sha256:752c6a06036a24b54936f488ad13b0a83b7d1e0f9fefbe3a4fc237676b1091cf"},
]

[package.dependencies]
pycparser = "*"

[[package]]
name = "colorama"
version = "0.4.6"
description = "Cross-platform colored terminal text."
optional = false
python-versions = "!=3.0.*,!=3.1.*,!=3.2.*,!=3.3.*,!=3.4.*,!=3.5.*,!=3.6.*,>=2.7"
files = [
    {file = "colorama-0.4.6-py2.py3-none-any.whl", hash = "sha256:4f1d9991f5acc0ca119f9d443620b77f9d6b33703e51011c16baf57afb285fc6"},
    {file = "colorama-0.4.6.tar.gz", hash = "sha256:08695f5cb7ed6e0531a20572697297273c47b8cae5a63ffc6d6ed5c201be6e44"},
]

[[package]]
name = "iniconfig"
version = "2.0.0"
description = "brain-dead simple config-ini parsing"
optional = false
python-versions = ">=3.7"
files = [
    {file = "iniconfig-2.0.0-py3-none-any.whl", hash = "sha256:b6a85871a79d2e3b22d2d1b94ac2824226a63c6b741c88f7ae975f18b6778374"},
    {file = "iniconfig-2.0.0.tar.gz", hash = "sha256:2d91e135bf72d31a410b17c16da610a82cb55f6b0477d1a902134b24a455b8b3"},
]

[[package]]
name = "nodeenv"
version = "1.9.1"
description = "Node.js virtual environment builder"
optional = false
python-versions = "!=3.0.*,!=3.1.*,!=3.2.*,!=3.3.*,!=3.4.*,!=3.5.*,!=3.6.*,>=2.7"
files = [
    {file = "nodeenv-1.9.1-py2.py3-none-any.whl", hash = "sha256:ba11c9782d29c27c70ffbdda2d7415098754709be8a7056d79a737cd901155c9"},
    {file = "nodeenv-1.9.1.tar.gz", hash = "sha256:6ec12890a2dab7946721edbfbcd91f3319c6ccc9aec47be7c7e6b7011ee6645f"},
]

[[package]]
name = "packaging"
version = "24.1"
description = "Core utilities for Python packages"
optional = false
python-versions = ">=3.8"
files = [
    {file = "packaging-24.1-py3-none-any.whl", hash = "sha256:5b8f2217dbdbd2f7f384c41c628544e6d52f2d0f53c6d0c3ea61aa5d1d7ff124"},
    {file = "packaging-24.1.tar.gz", hash = "sha256:026ed72c8ed3fcce5bf8950572258698927fd1dbda10a5e981cdf0ac37f4f002"},
]

[[package]]
name = "pluggy"
version = "1.5.0"
description = "plugin and hook calling mechanisms for python"
optional = false
python-versions = ">=3.8"
files = [
    {file = "pluggy-1.5.0-py3-none-any.whl", hash = "sha256:44e1ad92c8ca002de6377e165f3e0f1be63266ab4d554740532335b9d75ea669"},
    {file = "pluggy-1.5.0.tar.gz", hash = "sha256:2cffa88e94fdc978c4c574f15f9e59b7f4201d439195c3715ca9e2486f1d0cf1"},
]

[package.extras]
dev = ["pre-commit", "tox"]
testing = ["pytest", "pytest-benchmark"]

[[package]]
name = "pycparser"
version = "2.22"
description = "C parser in Python"
optional = false
python-versions = ">=3.8"
files = [
    {file = "pycparser-2.22-py3-none-any.whl", hash = "sha256:c3702b6d3dd8c7abc1afa565d7e63d53a1d0bd86cdc24edd75470f4de499cfcc"},
    {file = "pycparser-2.22.tar.gz", hash = "sha256:491c8be9c040f5390f5bf44a5b07752bd07f56edf992381b05c701439eec10f6"},
]

[[package]]
name = "pyright"
version = "1.1.371"
description = "Command line wrapper for pyright"
optional = false
python-versions = ">=3.7"
files = [
    {file = "pyright-1.1.371-py3-none-any.whl", hash = "sha256:cce52e42ff73943243e7e5e24f2a59dee81b97d99f4e3cf97370b27e8a1858cd"},
    {file = "pyright-1.1.371.tar.gz", hash = "sha256:777b508b92dda2db476214c400ce043aad8d8f3dd0e10d284c96e79f298308b5"},
]

[package.dependencies]
nodeenv = ">=1.6.0"

[package.extras]
all = ["twine (>=3.4.1)"]
dev = ["twine (>=3.4.1)"]

[[package]]
name = "pytest"
version = "8.2.2"
description = "pytest: simple powerful testing with Python"
optional = false
python-versions = ">=3.8"
files = [
    {file = "pytest-8.2.2-py3-none-any.whl", hash = "sha256:c434598117762e2bd304e526244f67bf66bbd7b5d6cf22138be51ff661980343"},
    {file = "pytest-8.2.2.tar.gz", hash = "sha256:de4bb8104e201939ccdc688b27a89a7be2079b22e2bd2b07f806b6ba71117977"},
]

[package.dependencies]
colorama = {version = "*", markers = "sys_platform == \"win32\""}
iniconfig = "*"
packaging = "*"
pluggy = ">=1.5,<2.0"

[package.extras]
dev = ["argcomplete", "attrs (>=19.2)", "hypothesis (>=3.56)", "mock", "pygments (>=2.7.2)", "requests", "setuptools", "xmlschema"]

[[package]]
name = "raylib"
version = "5.0.0.3"
description = "Python CFFI bindings for Raylib"
optional = false
python-versions = "*"
files = [
    {file = "raylib-5.0.0.3-cp310-cp310-macosx_10_15_x86_64.whl", hash = "sha256:3ce516e3826bb55e467838a66f1b8a26dcfd2aca8d3779e000ce7a928893df13"},
    {file = "raylib-5.0.0.3-cp310-cp310-macosx_14_0_arm64.whl", hash = "sha256:819e8c08e959a7927c98a893aae175b86a228cfca38a58646a38c1ebbcb0cf21"},
    {file = "raylib-5.0.0.3-cp310-cp310-manylinux2014_aarch64.whl", hash = "sha256:fd504e038544cc00aea46a5897449a7ef3c3c60ba939c2b35ed066677df6a53b"},
    {file = "raylib-5.0.0.3-cp310-cp310-manylinux2014_x86_64.whl", hash = "sha256:29ccbba6a4314f9f0a2c9bf4d956f2ebfd0b621db1f319b6522dfe2337ddc53b"},
    {file = "raylib-5.0.0.3-cp310-cp310-win_amd64.whl", hash = "sha256:b947573a87ef63b53d3a1ce96bd9e253401d38c61bcf3b65438b55ed84ded01f"},
    {file = "raylib-5.0.0.3-cp311-cp311-macosx_10_15_x86_64.whl", hash = "sha256:2f9df97e3163ea6ebe446f3865f4c3631c03d86f0eea74f7e839b393b971f5a2"},
    {file = "raylib-5.0.0.3-cp311-cp311-macosx_14_0_arm64.whl", hash = "sha256:a9b47605536ddc729f9a1c9de1634d5226f21e62deea53ce6c3d5197f398d8c9"},
    {file = "raylib-5.0.0.3-cp311-cp311-manylinux2014_aarch64.whl", hash = "sha256:82ddfd1e09d4f2d44cc638f7edddefa0f86981523989cc8e46700f554fd3a4c8"},
    {file = "raylib-5.0.0.3-cp311-cp311-manylinux2014_x86_64.whl", hash = "sha256:2bdbf74d64cde1c92386ae46192857cc46c2386b67c098c1f1fd3623a2dc9186"},
    {file = "raylib-5.0.0.3-cp311-cp311-win_amd64.whl", hash = "sha256:aa1a0c4ab786722af1b5e5d8dbd5afc2a1c6e5b9ff63f88ff0069bf94c535fed"},
    {file = "raylib-5.0.0.3-cp312-cp312-macosx_10_15_x86_64.whl", hash = "sha256:bbd62bd8513f984204e66c5f1b358ca10e7cb2a1c71ae22966585985e10a1708"},
    {file = "raylib-5.0.0.3-cp312-cp312-macosx_14_0_arm64.whl", hash = "sha256:0d2027f0601d464d959f141a5b163be91d56695e714e25b410246c45bbb7d429"},
    {file = "raylib-5.0.0.3-cp312-cp312-manylinux2014_aarch64.whl", hash = "sha256:4f79a353a16726c32ae1ed334df5b1e5e2438d52918339ab617341a9bc4ea417"},
    {file = "raylib-5.0.0.3-cp312-cp312-manylinux2014_x86_64.whl", hash = "sha256:f188dab20c8e96097340d967cf0dbc3e78085de645ba068ca538c411a8591e17"},
    {file = "raylib-5.0.0.3-cp312-cp312-win_amd64.whl", hash = "sha256:308cacd1e1bd38ecc030603996a911084526d7294bd276c6d5612a1c14cc496d"},
    {file = "raylib-5.0.0.3-cp313-cp313-macosx_10_15_x86_64.whl", hash = "sha256:8d32d4e558b9f3cc9e86c681ecbdb51cb01ae72b3b1c769e880aab807b0e6cf8"},
    {file = "raylib-5.0.0.3-cp313-cp313-manylinux2014_x86_64.whl", hash = "sha256:fb7cfc59ecae9a3a10ba12aab3f043d49219c38219743bf6833cbc280e670a3b"},
    {file = "raylib-5.0.0.3-cp313-cp313-win_amd64.whl", hash = "sha256:ca928bc8a1e0eb8d7b75d3f3a532eff81d9e41d7a3621b82f3d0c8bf08aa3bc9"},
    {file = "raylib-5.0.0.3-cp38-cp38-macosx_10_15_x86_64.whl", hash = "sha256:027b0933d16275a73e4688cc01b5395051fb7b8ff35a7d51baf176ca6e2041ac"},
    {file = "raylib-5.0.0.3-cp38-cp38-manylinux2014_x86_64.whl", hash = "sha256:cdb40a1cb3d108cababe9388d15290085e11c42b696f64af284ef535fd82392c"},
    {file = "raylib-5.0.0.3-cp38-cp38-win_amd64.whl", hash = "sha256:81b6289a1ddd63ba7d2b6a59966cdc512a794dfcf9e84ea79981d107f8486d7d"},
    {file = "raylib-5.0.0.3-cp39-cp39-macosx_10_15_x86_64.whl", hash = "sha256:61d69ce35b89835bfe24eb126b39602713fc3983e367ead34df87fa382e700a8"},
    {file = "raylib-5.0.0.3-cp39-cp39-macosx_14_0_arm64.whl", hash = "sha256:528b53910419e72df9ce862c994479f9af0bd9d9efbef0a68b449a50cd231bda"},
    {file = "raylib-5.0.0.3-cp39-cp39-manylinux2014_aarch64.whl", hash = "sha256:f5534fc0dce60f39c1b0d3b5eb4c1aacbac53d9f8c2a51a68e251b4473455a6f"},
    {file = "raylib-5.0.0.3-cp39-cp39-manylinux2014_x86_64.whl", hash = "sha256:2e2b4c54c660ee6695f6786ca47812e3cdfb377f41a1aea8424e2e54802b33a9"},
    {file = "raylib-5.0.0.3-cp39-cp39-win_amd64.whl", hash = "sha256:f6c7324721c72145b7f49e3005a869f40a8931b0747da7862e1be5d8df212e46"},
    {file = "raylib-5.0.0.3-pp310-pypy310_pp73-macosx_10_15_x86_64.whl", hash = "sha256:08725641cf63bf22db5a7f153c10837a0a4b5e8bcc64a507db2e882db6b67b7e"},
    {file = "raylib-5.0.0.3-pp310-pypy310_pp73-manylinux2014_x86_64.whl", hash = "sha256:5ad6775477b877d2ecf8a6b15c5fa91c1033e72c1301f5eec47659ab80aea1f4"},
    {file = "raylib-5.0.0.3-pp310-pypy310_pp73-win_amd64.whl", hash = "sha256:fd12fa73bf5e4a887d01388389c0565e6738f98340bd5b6934f9d4887f4e816c"},
    {file = "raylib-5.0.0.3-pp38-pypy38_pp73-macosx_10_15_x86_64.whl", hash = "sha256:3bb902fa2b903e8b83c99c41168fa90d7bab0c713cd428d3d87f456ade5dcbc9"},
    {file = "raylib-5.0.0.3-pp38-pypy38_pp73-manylinux2014_x86_64.whl", hash = "sha256:680f17c0c1231ff089fd87de91ebef0aa1a9dce9e76a84665698fec4cdb542df"},
    {file = "raylib-5.0.0.3-pp38-pypy38_pp73-win_amd64.whl", hash = "sha256:d8e96065949c3a500ae072c8b275558e41a02001b6b652ec533ef8ba3ea5936c"},
    {file = "raylib-5.0.0.3-pp39-pypy39_pp73-macosx_10_15_x86_64.whl", hash = "sha256:e10987b1c6e60e30995e25af4807aa1106eac2480df71cedff4005051d4b011d"},
    {file = "raylib-5.0.0.3-pp39-pypy39_pp73-manylinux2014_x86_64.whl", hash = "sha256:58ec0d4988e8808b3b8f8020e89358ac25def7decdb11fcc34897a4a689209ec"},
    {file = "raylib-5.0.0.3-pp39-pypy39_pp73-win_amd64.whl", hash = "sha256:d79e303be25d9af4d37fd16442f15cbb97e915de0b3520e1055ab18e5f952859"},
]

[package.dependencies]
cffi = ">=1.17.0rc1"

[[package]]
name = "ruff"
version = "0.5.1"
description = "An extremely fast Python linter and code formatter, written in Rust."
optional = false
python-versions = ">=3.7"
files = [
    {file = "ruff-0.5.1-py3-none-linux_armv6l.whl", hash = "sha256:6ecf968fcf94d942d42b700af18ede94b07521bd188aaf2cd7bc898dd8cb63b6"},
    {file = "ruff-0.5.1-py3-none-macosx_10_12_x86_64.whl", hash = "sha256:204fb0a472f00f2e6280a7c8c7c066e11e20e23a37557d63045bf27a616ba61c"},
    {file = "ruff-0.5.1-py3-none-macosx_11_0_arm64.whl", hash = "sha256:d235968460e8758d1e1297e1de59a38d94102f60cafb4d5382033c324404ee9d"},
    {file = "ruff-0.5.1-py3-none-manylinux_2_17_aarch64.manylinux2014_aarch64.whl", hash = "sha256:38beace10b8d5f9b6bdc91619310af6d63dd2019f3fb2d17a2da26360d7962fa"},
    {file = "ruff-0.5.1-py3-none-manylinux_2_17_armv7l.manylinux2014_armv7l.whl", hash = "sha256:5e478d2f09cf06add143cf8c4540ef77b6599191e0c50ed976582f06e588c994"},
    {file = "ruff-0.5.1-py3-none-manylinux_2_17_i686.manylinux2014_i686.whl", hash = "sha256:f0368d765eec8247b8550251c49ebb20554cc4e812f383ff9f5bf0d5d94190b0"},
    {file = "ruff-0.5.1-py3-none-manylinux_2_17_ppc64.manylinux2014_ppc64.whl", hash = "sha256:3a9a9a1b582e37669b0138b7c1d9d60b9edac880b80eb2baba6d0e566bdeca4d"},
    {file = "ruff-0.5.1-py3-none-manylinux_2_17_ppc64le.manylinux2014_ppc64le.whl", hash = "sha256:bdd9f723e16003623423affabcc0a807a66552ee6a29f90eddad87a40c750b78"},
    {file = "ruff-0.5.1-py3-none-manylinux_2_17_s390x.manylinux2014_s390x.whl", hash = "sha256:be9fd62c1e99539da05fcdc1e90d20f74aec1b7a1613463ed77870057cd6bd96"},
    {file = "ruff-0.5.1-py3-none-manylinux_2_17_x86_64.manylinux2014_x86_64.whl", hash = "sha256:e216fc75a80ea1fbd96af94a6233d90190d5b65cc3d5dfacf2bd48c3e067d3e1"},
    {file = "ruff-0.5.1-py3-none-musllinux_1_2_aarch64.whl", hash = "sha256:c4c2112e9883a40967827d5c24803525145e7dab315497fae149764979ac7929"},
    {file = "ruff-0.5.1-py3-none-musllinux_1_2_armv7l.whl", hash = "sha256:dfaf11c8a116394da3b65cd4b36de30d8552fa45b8119b9ef5ca6638ab964fa3"},
    {file = "ruff-0.5.1-py3-none-musllinux_1_2_i686.whl", hash = "sha256:d7ceb9b2fe700ee09a0c6b192c5ef03c56eb82a0514218d8ff700f6ade004108"},
    {file = "ruff-0.5.1-py3-none-musllinux_1_2_x86_64.whl", hash = "sha256:bac6288e82f6296f82ed5285f597713acb2a6ae26618ffc6b429c597b392535c"},
    {file = "ruff-0.5.1-py3-none-win32.whl", hash = "sha256:5c441d9c24ec09e1cb190a04535c5379b36b73c4bc20aa180c54812c27d1cca4"},
    {file = "ruff-0.5.1-py3-none-win_amd64.whl", hash = "sha256:b1789bf2cd3d1b5a7d38397cac1398ddf3ad7f73f4de01b1e913e2abc7dfc51d"},
    {file = "ruff-0.5.1-py3-none-win_arm64.whl", hash = "sha256:2875b7596a740cbbd492f32d24be73e545a4ce0a3daf51e4f4e609962bfd3cd2"},
    {file = "ruff-0.5.1.tar.gz", hash = "sha256:3164488aebd89b1745b47fd00604fb4358d774465f20d1fcd907f9c0fc1b0655"},
]

[metadata]
lock-version = "2.0"
python-versions = "^3.11"
content-hash = "f278aed1e17c1e80bb8a1d90fe298f32ff87184f2a836ff7def1af4818a33a6c"
